// !$*UTF8*$!
{
	archiveVersion = 1;
	classes = {
	};
	objectVersion = 55;
	objects = {

/* Begin PBXBuildFile section */
		7604EF3C275076E500E8941B /* plangx.c in Sources */ = {isa = PBXBuildFile; fileRef = 7604EF3B275076E500E8941B /* plangx.c */; };
		7604EF3F275076F900E8941B /* plangc.c in Sources */ = {isa = PBXBuildFile; fileRef = 7604EF3E275076F900E8941B /* plangc.c */; };
		7604EF422750770D00E8941B /* plang.c in Sources */ = {isa = PBXBuildFile; fileRef = 7604EF412750770D00E8941B /* plang.c */; };
		76F338E7275151490085896F /* plangmem.c in Sources */ = {isa = PBXBuildFile; fileRef = 76F338E6275151490085896F /* plangmem.c */; };
/* End PBXBuildFile section */

/* Begin PBXCopyFilesBuildPhase section */
		7604EF2E2750767D00E8941B /* CopyFiles */ = {
			isa = PBXCopyFilesBuildPhase;
			buildActionMask = 2147483647;
			dstPath = /usr/share/man/man1/;
			dstSubfolderSpec = 0;
			files = (
			);
			runOnlyForDeploymentPostprocessing = 1;
		};
/* End PBXCopyFilesBuildPhase section */

/* Begin PBXFileReference section */
		7604EF302750767D00E8941B /* plang */ = {isa = PBXFileReference; explicitFileType = "compiled.mach-o.executable"; includeInIndex = 0; path = plang; sourceTree = BUILT_PRODUCTS_DIR; };
		7604EF3A275076E500E8941B /* plangx.h */ = {isa = PBXFileReference; lastKnownFileType = sourcecode.c.h; path = plangx.h; sourceTree = "<group>"; };
		7604EF3B275076E500E8941B /* plangx.c */ = {isa = PBXFileReference; lastKnownFileType = sourcecode.c.c; path = plangx.c; sourceTree = "<group>"; };
		7604EF3D275076F900E8941B /* plangc.h */ = {isa = PBXFileReference; lastKnownFileType = sourcecode.c.h; path = plangc.h; sourceTree = "<group>"; };
		7604EF3E275076F900E8941B /* plangc.c */ = {isa = PBXFileReference; lastKnownFileType = sourcecode.c.c; path = plangc.c; sourceTree = "<group>"; };
		7604EF402750770D00E8941B /* plang.h */ = {isa = PBXFileReference; lastKnownFileType = sourcecode.c.h; path = plang.h; sourceTree = "<group>"; };
		7604EF412750770D00E8941B /* plang.c */ = {isa = PBXFileReference; lastKnownFileType = sourcecode.c.c; path = plang.c; sourceTree = "<group>"; };
		76F338E5275151490085896F /* plangmem.h */ = {isa = PBXFileReference; lastKnownFileType = sourcecode.c.h; path = plangmem.h; sourceTree = "<group>"; };
		76F338E6275151490085896F /* plangmem.c */ = {isa = PBXFileReference; lastKnownFileType = sourcecode.c.c; path = plangmem.c; sourceTree = "<group>"; };
/* End PBXFileReference section */

/* Begin PBXFrameworksBuildPhase section */
		7604EF2D2750767D00E8941B /* Frameworks */ = {
			isa = PBXFrameworksBuildPhase;
			buildActionMask = 2147483647;
			files = (
			);
			runOnlyForDeploymentPostprocessing = 0;
		};
/* End PBXFrameworksBuildPhase section */

/* Begin PBXGroup section */
		7604EF272750767D00E8941B = {
			isa = PBXGroup;
			children = (
				7604EF322750767D00E8941B /* plang */,
				7604EF312750767D00E8941B /* Products */,
			);
			sourceTree = "<group>";
		};
		7604EF312750767D00E8941B /* Products */ = {
			isa = PBXGroup;
			children = (
				7604EF302750767D00E8941B /* plang */,
			);
			name = Products;
			sourceTree = "<group>";
		};
		7604EF322750767D00E8941B /* plang */ = {
			isa = PBXGroup;
			children = (
				7604EF3D275076F900E8941B /* plangc.h */,
				7604EF3E275076F900E8941B /* plangc.c */,
				7604EF3A275076E500E8941B /* plangx.h */,
				7604EF3B275076E500E8941B /* plangx.c */,
				7604EF402750770D00E8941B /* plang.h */,
				7604EF412750770D00E8941B /* plang.c */,
				76F338E5275151490085896F /* plangmem.h */,
				76F338E6275151490085896F /* plangmem.c */,
			);
			path = plang;
			sourceTree = "<group>";
		};
/* End PBXGroup section */

/* Begin PBXNativeTarget section */
		7604EF2F2750767D00E8941B /* plang */ = {
			isa = PBXNativeTarget;
			buildConfigurationList = 7604EF372750767D00E8941B /* Build configuration list for PBXNativeTarget "plang" */;
			buildPhases = (
				7604EF2C2750767D00E8941B /* Sources */,
				7604EF2D2750767D00E8941B /* Frameworks */,
				7604EF2E2750767D00E8941B /* CopyFiles */,
			);
			buildRules = (
			);
			dependencies = (
			);
			name = plang;
			productName = plang;
			productReference = 7604EF302750767D00E8941B /* plang */;
			productType = "com.apple.product-type.tool";
		};
/* End PBXNativeTarget section */

/* Begin PBXProject section */
		7604EF282750767D00E8941B /* Project object */ = {
			isa = PBXProject;
			attributes = {
				BuildIndependentTargetsInParallel = 1;
				LastUpgradeCheck = 1310;
				TargetAttributes = {
					7604EF2F2750767D00E8941B = {
						CreatedOnToolsVersion = 13.1;
					};
				};
			};
			buildConfigurationList = 7604EF2B2750767D00E8941B /* Build configuration list for PBXProject "plang" */;
			compatibilityVersion = "Xcode 13.0";
			developmentRegion = en;
			hasScannedForEncodings = 0;
			knownRegions = (
				en,
				Base,
			);
			mainGroup = 7604EF272750767D00E8941B;
			productRefGroup = 7604EF312750767D00E8941B /* Products */;
			projectDirPath = "";
			projectRoot = "";
			targets = (
				7604EF2F2750767D00E8941B /* plang */,
			);
		};
/* End PBXProject section */

/* Begin PBXSourcesBuildPhase section */
		7604EF2C2750767D00E8941B /* Sources */ = {
			isa = PBXSourcesBuildPhase;
			buildActionMask = 2147483647;
			files = (
				76F338E7275151490085896F /* plangmem.c in Sources */,
				7604EF422750770D00E8941B /* plang.c in Sources */,
				7604EF3F275076F900E8941B /* plangc.c in Sources */,
				7604EF3C275076E500E8941B /* plangx.c in Sources */,
			);
			runOnlyForDeploymentPostprocessing = 0;
		};
/* End PBXSourcesBuildPhase section */

/* Begin XCBuildConfiguration section */
		7604EF352750767D00E8941B /* Debug */ = {
			isa = XCBuildConfiguration;
			buildSettings = {
				ALWAYS_SEARCH_USER_PATHS = NO;
				CLANG_ANALYZER_NONNULL = YES;
				CLANG_ANALYZER_NUMBER_OBJECT_CONVERSION = YES_AGGRESSIVE;
				CLANG_CXX_LANGUAGE_STANDARD = "gnu++17";
				CLANG_CXX_LIBRARY = "libc++";
				CLANG_ENABLE_MODULES = YES;
				CLANG_ENABLE_OBJC_ARC = YES;
				CLANG_ENABLE_OBJC_WEAK = YES;
				CLANG_WARN_BLOCK_CAPTURE_AUTORELEASING = YES;
				CLANG_WARN_BOOL_CONVERSION = YES;
				CLANG_WARN_COMMA = YES;
				CLANG_WARN_CONSTANT_CONVERSION = YES;
				CLANG_WARN_DEPRECATED_OBJC_IMPLEMENTATIONS = YES;
				CLANG_WARN_DIRECT_OBJC_ISA_USAGE = YES_ERROR;
				CLANG_WARN_DOCUMENTATION_COMMENTS = YES;
				CLANG_WARN_EMPTY_BODY = YES;
				CLANG_WARN_ENUM_CONVERSION = YES;
				CLANG_WARN_INFINITE_RECURSION = YES;
				CLANG_WARN_INT_CONVERSION = YES;
				CLANG_WARN_NON_LITERAL_NULL_CONVERSION = YES;
				CLANG_WARN_OBJC_IMPLICIT_RETAIN_SELF = YES;
				CLANG_WARN_OBJC_LITERAL_CONVERSION = YES;
				CLANG_WARN_OBJC_ROOT_CLASS = YES_ERROR;
				CLANG_WARN_QUOTED_INCLUDE_IN_FRAMEWORK_HEADER = YES;
				CLANG_WARN_RANGE_LOOP_ANALYSIS = YES;
				CLANG_WARN_STRICT_PROTOTYPES = YES;
				CLANG_WARN_SUSPICIOUS_MOVE = YES;
				CLANG_WARN_UNGUARDED_AVAILABILITY = YES_AGGRESSIVE;
				CLANG_WARN_UNREACHABLE_CODE = YES;
				CLANG_WARN__DUPLICATE_METHOD_MATCH = YES;
				COPY_PHASE_STRIP = NO;
				DEBUG_INFORMATION_FORMAT = dwarf;
				ENABLE_STRICT_OBJC_MSGSEND = YES;
				ENABLE_TESTABILITY = YES;
				GCC_C_LANGUAGE_STANDARD = gnu11;
				GCC_DYNAMIC_NO_PIC = NO;
				GCC_NO_COMMON_BLOCKS = YES;
				GCC_OPTIMIZATION_LEVEL = 0;
				GCC_PREPROCESSOR_DEFINITIONS = (
					"DEBUG=1",
					"$(inherited)",
				);
				GCC_WARN_64_TO_32_BIT_CONVERSION = YES;
				GCC_WARN_ABOUT_RETURN_TYPE = YES_ERROR;
				GCC_WARN_UNDECLARED_SELECTOR = YES;
				GCC_WARN_UNINITIALIZED_AUTOS = YES_AGGRESSIVE;
				GCC_WARN_UNUSED_FUNCTION = YES;
				GCC_WARN_UNUSED_VARIABLE = YES;
				MACOSX_DEPLOYMENT_TARGET = 12.0;
				MTL_ENABLE_DEBUG_INFO = INCLUDE_SOURCE;
				MTL_FAST_MATH = YES;
				ONLY_ACTIVE_ARCH = YES;
				SDKROOT = macosx;
			};
			name = Debug;
		};
		7604EF362750767D00E8941B /* Release */ = {
			isa = XCBuildConfiguration;
			buildSettings = {
				ALWAYS_SEARCH_USER_PATHS = NO;
				CLANG_ANALYZER_NONNULL = YES;
				CLANG_ANALYZER_NUMBER_OBJECT_CONVERSION = YES_AGGRESSIVE;
				CLANG_CXX_LANGUAGE_STANDARD = "gnu++17";
				CLANG_CXX_LIBRARY = "libc++";
				CLANG_ENABLE_MODULES = YES;
				CLANG_ENABLE_OBJC_ARC = YES;
				CLANG_ENABLE_OBJC_WEAK = YES;
				CLANG_WARN_BLOCK_CAPTURE_AUTORELEASING = YES;
				CLANG_WARN_BOOL_CONVERSION = YES;
				CLANG_WARN_COMMA = YES;
				CLANG_WARN_CONSTANT_CONVERSION = YES;
				CLANG_WARN_DEPRECATED_OBJC_IMPLEMENTATIONS = YES;
				CLANG_WARN_DIRECT_OBJC_ISA_USAGE = YES_ERROR;
				CLANG_WARN_DOCUMENTATION_COMMENTS = YES;
				CLANG_WARN_EMPTY_BODY = YES;
				CLANG_WARN_ENUM_CONVERSION = YES;
				CLANG_WARN_INFINITE_RECURSION = YES;
				CLANG_WARN_INT_CONVERSION = YES;
				CLANG_WARN_NON_LITERAL_NULL_CONVERSION = YES;
				CLANG_WARN_OBJC_IMPLICIT_RETAIN_SELF = YES;
				CLANG_WARN_OBJC_LITERAL_CONVERSION = YES;
				CLANG_WARN_OBJC_ROOT_CLASS = YES_ERROR;
				CLANG_WARN_QUOTED_INCLUDE_IN_FRAMEWORK_HEADER = YES;
				CLANG_WARN_RANGE_LOOP_ANALYSIS = YES;
				CLANG_WARN_STRICT_PROTOTYPES = YES;
				CLANG_WARN_SUSPICIOUS_MOVE = YES;
				CLANG_WARN_UNGUARDED_AVAILABILITY = YES_AGGRESSIVE;
				CLANG_WARN_UNREACHABLE_CODE = YES;
				CLANG_WARN__DUPLICATE_METHOD_MATCH = YES;
				COPY_PHASE_STRIP = NO;
				DEBUG_INFORMATION_FORMAT = "dwarf-with-dsym";
				ENABLE_NS_ASSERTIONS = NO;
				ENABLE_STRICT_OBJC_MSGSEND = YES;
				GCC_C_LANGUAGE_STANDARD = gnu11;
				GCC_NO_COMMON_BLOCKS = YES;
				GCC_WARN_64_TO_32_BIT_CONVERSION = YES;
				GCC_WARN_ABOUT_RETURN_TYPE = YES_ERROR;
				GCC_WARN_UNDECLARED_SELECTOR = YES;
				GCC_WARN_UNINITIALIZED_AUTOS = YES_AGGRESSIVE;
				GCC_WARN_UNUSED_FUNCTION = YES;
				GCC_WARN_UNUSED_VARIABLE = YES;
				MACOSX_DEPLOYMENT_TARGET = 12.0;
				MTL_ENABLE_DEBUG_INFO = NO;
				MTL_FAST_MATH = YES;
				SDKROOT = macosx;
			};
			name = Release;
		};
		7604EF382750767D00E8941B /* Debug */ = {
			isa = XCBuildConfiguration;
			buildSettings = {
				CODE_SIGN_STYLE = Automatic;
				PRODUCT_NAME = "$(TARGET_NAME)";
			};
			name = Debug;
		};
		7604EF392750767D00E8941B /* Release */ = {
			isa = XCBuildConfiguration;
			buildSettings = {
				CODE_SIGN_STYLE = Automatic;
				PRODUCT_NAME = "$(TARGET_NAME)";
			};
			name = Release;
		};
/* End XCBuildConfiguration section */

/* Begin XCConfigurationList section */
		7604EF2B2750767D00E8941B /* Build configuration list for PBXProject "plang" */ = {
			isa = XCConfigurationList;
			buildConfigurations = (
				7604EF352750767D00E8941B /* Debug */,
				7604EF362750767D00E8941B /* Release */,
			);
			defaultConfigurationIsVisible = 0;
			defaultConfigurationName = Release;
		};
		7604EF372750767D00E8941B /* Build configuration list for PBXNativeTarget "plang" */ = {
			isa = XCConfigurationList;
			buildConfigurations = (
				7604EF382750767D00E8941B /* Debug */,
				7604EF392750767D00E8941B /* Release */,
			);
			defaultConfigurationIsVisible = 0;
			defaultConfigurationName = Release;
		};
/* End XCConfigurationList section */
	};
	rootObject = 7604EF282750767D00E8941B /* Project object */;
}
